
Microsoft Visual Studio Solution File, Format Version 12.00
# Visual Studio Version 16
VisualStudioVersion = 16.0.30717.126
MinimumVisualStudioVersion = 10.0.40219.1
Project("{FAE04EC0-301F-11D3-BF4B-00C04F79EFBC}") = "GUI", "Presentation\GUI.csproj", "{A73C3DDC-A49F-40AF-BB7A-32D43614CA1D}"
EndProject
Project("{FAE04EC0-301F-11D3-BF4B-00C04F79EFBC}") = "Data", "Data\Data.csproj", "{C659DA3F-1745-4ACE-91B0-C77CE74D252E}"
EndProject
Project("{9A19103F-16F7-4668-BE54-9A1E7A4F7556}") = "Service", "Service\Service.csproj", "{771C3B3C-6CC4-4FB7-8553-A7C80854BC4F}"
EndProject
Project("{FAE04EC0-301F-11D3-BF4B-00C04F79EFBC}") = "DataTest", "DataTest\DataTest.csproj", "{B7F5BE58-A86B-4B16-94CB-AEAA060C8D80}"
EndProject
Project("{FAE04EC0-301F-11D3-BF4B-00C04F79EFBC}") = "ServiceTest", "ServicesTests\ServiceTest.csproj", "{F5AE4C25-51BB-4103-A074-192E26892F4B}"
EndProject
Project("{FAE04EC0-301F-11D3-BF4B-00C04F79EFBC}") = "ViewModelTest", "PresentationTest\ViewModelTest.csproj", "{AB9205F9-7EB0-44B2-B4FC-27E5E5874B2A}"
EndProject
Project("{2150E333-8FDC-42A3-9474-1A3956D46DE8}") = "Tests", "Tests", "{2D62C824-3C08-4A7D-990C-E356CF472C7E}"
EndProject
Global
	GlobalSection(SolutionConfigurationPlatforms) = preSolution
		Debug|Any CPU = Debug|Any CPU
		Release|Any CPU = Release|Any CPU
	EndGlobalSection
	GlobalSection(ProjectConfigurationPlatforms) = postSolution
		{A73C3DDC-A49F-40AF-BB7A-32D43614CA1D}.Debug|Any CPU.ActiveCfg = Debug|Any CPU
		{A73C3DDC-A49F-40AF-BB7A-32D43614CA1D}.Debug|Any CPU.Build.0 = Debug|Any CPU
		{A73C3DDC-A49F-40AF-BB7A-32D43614CA1D}.Release|Any CPU.ActiveCfg = Release|Any CPU
		{A73C3DDC-A49F-40AF-BB7A-32D43614CA1D}.Release|Any CPU.Build.0 = Release|Any CPU
		{C659DA3F-1745-4ACE-91B0-C77CE74D252E}.Debug|Any CPU.ActiveCfg = Debug|Any CPU
		{C659DA3F-1745-4ACE-91B0-C77CE74D252E}.Debug|Any CPU.Build.0 = Debug|Any CPU
		{C659DA3F-1745-4ACE-91B0-C77CE74D252E}.Release|Any CPU.ActiveCfg = Release|Any CPU
		{C659DA3F-1745-4ACE-91B0-C77CE74D252E}.Release|Any CPU.Build.0 = Release|Any CPU
		{771C3B3C-6CC4-4FB7-8553-A7C80854BC4F}.Debug|Any CPU.ActiveCfg = Debug|Any CPU
		{771C3B3C-6CC4-4FB7-8553-A7C80854BC4F}.Debug|Any CPU.Build.0 = Debug|Any CPU
		{771C3B3C-6CC4-4FB7-8553-A7C80854BC4F}.Release|Any CPU.ActiveCfg = Release|Any CPU
		{771C3B3C-6CC4-4FB7-8553-A7C80854BC4F}.Release|Any CPU.Build.0 = Release|Any CPU
		{B7F5BE58-A86B-4B16-94CB-AEAA060C8D80}.Debug|Any CPU.ActiveCfg = Debug|Any CPU
		{B7F5BE58-A86B-4B16-94CB-AEAA060C8D80}.Debug|Any CPU.Build.0 = Debug|Any CPU
		{B7F5BE58-A86B-4B16-94CB-AEAA060C8D80}.Release|Any CPU.ActiveCfg = Release|Any CPU
		{B7F5BE58-A86B-4B16-94CB-AEAA060C8D80}.Release|Any CPU.Build.0 = Release|Any CPU
		{F5AE4C25-51BB-4103-A074-192E26892F4B}.Debug|Any CPU.ActiveCfg = Debug|Any CPU
		{F5AE4C25-51BB-4103-A074-192E26892F4B}.Debug|Any CPU.Build.0 = Debug|Any CPU
		{F5AE4C25-51BB-4103-A074-192E26892F4B}.Release|Any CPU.ActiveCfg = Release|Any CPU
		{F5AE4C25-51BB-4103-A074-192E26892F4B}.Release|Any CPU.Build.0 = Release|Any CPU
		{AB9205F9-7EB0-44B2-B4FC-27E5E5874B2A}.Debug|Any CPU.ActiveCfg = Debug|Any CPU
		{AB9205F9-7EB0-44B2-B4FC-27E5E5874B2A}.Debug|Any CPU.Build.0 = Debug|Any CPU
		{AB9205F9-7EB0-44B2-B4FC-27E5E5874B2A}.Release|Any CPU.ActiveCfg = Release|Any CPU
		{AB9205F9-7EB0-44B2-B4FC-27E5E5874B2A}.Release|Any CPU.Build.0 = Release|Any CPU
	EndGlobalSection
	GlobalSection(SolutionProperties) = preSolution
		HideSolutionNode = FALSE
	EndGlobalSection
	GlobalSection(NestedProjects) = preSolution
		{B7F5BE58-A86B-4B16-94CB-AEAA060C8D80} = {2D62C824-3C08-4A7D-990C-E356CF472C7E}
		{F5AE4C25-51BB-4103-A074-192E26892F4B} = {2D62C824-3C08-4A7D-990C-E356CF472C7E}
		{AB9205F9-7EB0-44B2-B4FC-27E5E5874B2A} = {2D62C824-3C08-4A7D-990C-E356CF472C7E}
	EndGlobalSection
	GlobalSection(ExtensibilityGlobals) = postSolution
		SolutionGuid = {483211E8-4705-4D16-A61B-CB3E8CA0C740}
	EndGlobalSection
EndGlobal
